Microsoft Visual Studio Solution File, Format Version 12.00
# Visual Studio Version 17
VisualStudioVersion = 17.0.31903.59
MinimumVisualStudioVersion = 10.0.40219.1
Project("{FAE04EC0-301F-11D3-BF4B-00C04F79EFBC}") = "Simm.ModIntegration.Abstractions", "src\Simm.ModIntegration.Abstractions\Simm.ModIntegration.Abstractions.csproj", "{34FE8D7A-F465-4715-8634-4041AB7C83F9}"
EndProject
Project("{FAE04EC0-301F-11D3-BF4B-00C04F79EFBC}") = "Simm.ModIntegration.Bridge.Core", "src\Simm.ModIntegration.Bridge.Core\Simm.ModIntegration.Bridge.Core.csproj", "{D252F45B-B370-47D7-84C1-11788446FDC8}"
EndProject
Project("{FAE04EC0-301F-11D3-BF4B-00C04F79EFBC}") = "Simm.ModIntegration.Tests", "tests\Simm.ModIntegration.Tests\Simm.ModIntegration.Tests.csproj", "{5A7EB40D-981C-45B6-8093-4ED808A1A5A4}"
EndProject
Global
	GlobalSection(SolutionConfigurationPlatforms) = preSolution
		Debug|Any CPU = Debug|Any CPU
		Release|Any CPU = Release|Any CPU
	EndGlobalSection
	GlobalSection(ProjectConfigurationPlatforms) = postSolution
		{34FE8D7A-F465-4715-8634-4041AB7C83F9}.Debug|Any CPU.ActiveCfg = Debug|Any CPU
		{34FE8D7A-F465-4715-8634-4041AB7C83F9}.Debug|Any CPU.Build.0 = Debug|Any CPU
		{34FE8D7A-F465-4715-8634-4041AB7C83F9}.Release|Any CPU.ActiveCfg = Release|Any CPU
		{34FE8D7A-F465-4715-8634-4041AB7C83F9}.Release|Any CPU.Build.0 = Release|Any CPU
		{D252F45B-B370-47D7-84C1-11788446FDC8}.Debug|Any CPU.ActiveCfg = Debug|Any CPU
		{D252F45B-B370-47D7-84C1-11788446FDC8}.Debug|Any CPU.Build.0 = Debug|Any CPU
		{D252F45B-B370-47D7-84C1-11788446FDC8}.Release|Any CPU.ActiveCfg = Release|Any CPU
		{D252F45B-B370-47D7-84C1-11788446FDC8}.Release|Any CPU.Build.0 = Release|Any CPU
		{5A7EB40D-981C-45B6-8093-4ED808A1A5A4}.Debug|Any CPU.ActiveCfg = Debug|Any CPU
		{5A7EB40D-981C-45B6-8093-4ED808A1A5A4}.Debug|Any CPU.Build.0 = Debug|Any CPU
		{5A7EB40D-981C-45B6-8093-4ED808A1A5A4}.Release|Any CPU.ActiveCfg = Release|Any CPU
		{5A7EB40D-981C-45B6-8093-4ED808A1A5A4}.Release|Any CPU.Build.0 = Release|Any CPU
	EndGlobalSection
EndGlobal
